// !$*UTF8*$!
{
	archiveVersion = 1;
	classes = {
	};
	objectVersion = 77;
	objects = {

/* Begin PBXBuildFile section */
		01154FECC0CF087C7EF1461C /* AIConsentManager.swift in Sources */ = {isa = PBXBuildFile; fileRef = CE0287D8BF251F5F237A272C /* AIConsentManager.swift */; };
/* End PBXBuildFile section */

/* Begin PBXContainerItemProxy section */
		849F044D2F4C05D40058973D /* PBXContainerItemProxy */ = {
			isa = PBXContainerItemProxy;
			containerPortal = 849F04352F4C05D30058973D /* Project object */;
			proxyType = 1;
			remoteGlobalIDString = 849F043C2F4C05D30058973D;
			remoteInfo = "ChildCare AI";
		};
		849F04572F4C05D40058973D /* PBXContainerItemProxy */ = {
			isa = PBXContainerItemProxy;
			containerPortal = 849F04352F4C05D30058973D /* Project object */;
			proxyType = 1;
			remoteGlobalIDString = 849F043C2F4C05D30058973D;
			remoteInfo = "ChildCare AI";
		};
/* End PBXContainerItemProxy section */

/* Begin PBXFileReference section */
		849F043D2F4C05D30058973D /* ChildCare AI.app */ = {isa = PBXFileReference; explicitFileType = wrapper.application; includeInIndex = 0; path = "ChildCare AI.app"; sourceTree = BUILT_PRODUCTS_DIR; };
		849F044C2F4C05D40058973D /* ChildCare AITests.xctest */ = {isa = PBXFileReference; explicitFileType = wrapper.cfbundle; includeInIndex = 0; path = "ChildCare AITests.xctest"; sourceTree = BUILT_PRODUCTS_DIR; };
		849F04562F4C05D40058973D /* ChildCare AIUITests.xctest */ = {isa = PBXFileReference; explicitFileType = wrapper.cfbundle; includeInIndex = 0; path = "ChildCare AIUITests.xctest"; sourceTree = BUILT_PRODUCTS_DIR; };
		CE0287D8BF251F5F237A272C /* AIConsentManager.swift */ = {isa = PBXFileReference; includeInIndex = 1; lastKnownFileType = sourcecode.swift; name = AIConsentManager.swift; path = "ChildCare AI/Core/Privacy/AIConsentManager.swift"; sourceTree = "<group>"; };
/* End PBXFileReference section */

/* Begin PBXFileSystemSynchronizedRootGroup section */
		849F043F2F4C05D30058973D /* ChildCare AI */ = {
			isa = PBXFileSystemSynchronizedRootGroup;
			path = "ChildCare AI";
			sourceTree = "<group>";
		};
		849F044F2F4C05D40058973D /* ChildCare AITests */ = {
			isa = PBXFileSystemSynchronizedRootGroup;
			path = "ChildCare AITests";
			sourceTree = "<group>";
		};
		849F04592F4C05D40058973D /* ChildCare AIUITests */ = {
			isa = PBXFileSystemSynchronizedRootGroup;
			path = "ChildCare AIUITests";
			sourceTree = "<group>";
		};
/* End PBXFileSystemSynchronizedRootGroup section */

/* Begin PBXFrameworksBuildPhase section */
		849F043A2F4C05D30058973D /* Frameworks */ = {
			isa = PBXFrameworksBuildPhase;
			buildActionMask = 2147483647;
			files = (
			);
			runOnlyForDeploymentPostprocessing = 0;
		};
		849F04492F4C05D40058973D /* Frameworks */ = {
			isa = PBXFrameworksBuildPhase;
			buildActionMask = 2147483647;
			files = (
			);
			runOnlyForDeploymentPostprocessing = 0;
		};
		849F04532F4C05D40058973D /* Frameworks */ = {
			isa = PBXFrameworksBuildPhase;
			buildActionMask = 2147483647;
			files = (
			);
			runOnlyForDeploymentPostprocessing = 0;
		};
/* End PBXFrameworksBuildPhase section */

/* Begin PBXGroup section */
		849F04342F4C05D30058973D = {
			isa = PBXGroup;
			children = (
				849F043F2F4C05D30058973D /* ChildCare AI */,
				849F044F2F4C05D40058973D /* ChildCare AITests */,
				849F04592F4C05D40058973D /* ChildCare AIUITests */,
				849F043E2F4C05D30058973D /* Products */,
				CE0287D8BF251F5F237A272C /* AIConsentManager.swift */,
			);
			sourceTree = "<group>";
		};
		849F043E2F4C05D30058973D /* Products */ = {
			isa = PBXGroup;
			children = (
				849F043D2F4C05D30058973D /* ChildCare AI.app */,
				849F044C2F4C05D40058973D /* ChildCare AITests.xctest */,
				849F04562F4C05D40058973D /* ChildCare AIUITests.xctest */,
			);
			name = Products;
			sourceTree = "<group>";
		};
/* End PBXGroup section */

/* Begin PBXNativeTarget section */
		849F043C2F4C05D30058973D /* ChildCare AI */ = {
			isa = PBXNativeTarget;
			buildConfigurationList = 849F04602F4C05D40058973D /* Build configuration list for PBXNativeTarget "ChildCare AI" */;
			buildPhases = (
				849F04392F4C05D30058973D /* Sources */,
				849F043A2F4C05D30058973D /* Frameworks */,
				849F043B2F4C05D30058973D /* Resources */,
			);
			buildRules = (
			);
			dependencies = (
			);
			fileSystemSynchronizedGroups = (
				849F043F2F4C05D30058973D /* ChildCare AI */,
			);
			name = "ChildCare AI";
			productName = "ChildCare AI";
			productReference = 849F043D2F4C05D30058973D /* ChildCare AI.app */;
			productType = "com.apple.product-type.application";
		};
		849F044B2F4C05D40058973D /* ChildCare AITests */ = {
			isa = PBXNativeTarget;
			buildConfigurationList = 849F04632F4C05D40058973D /* Build configuration list for PBXNativeTarget "ChildCare AITests" */;
			buildPhases = (
				849F04482F4C05D40058973D /* Sources */,
				849F04492F4C05D40058973D /* Frameworks */,
				849F044A2F4C05D40058973D /* Resources */,
			);
			buildRules = (
			);
			dependencies = (
				849F044E2F4C05D40058973D /* PBXTargetDependency */,
			);
			fileSystemSynchronizedGroups = (
				849F044F2F4C05D40058973D /* ChildCare AITests */,
			);
			name = "ChildCare AITests";
			productName = "ChildCare AITests";
			productReference = 849F044C2F4C05D40058973D /* ChildCare AITests.xctest */;
			productType = "com.apple.product-type.bundle.unit-test";
		};
		849F04552F4C05D40058973D /* ChildCare AIUITests */ = {
			isa = PBXNativeTarget;
			buildConfigurationList = 849F04662F4C05D40058973D /* Build configuration list for PBXNativeTarget "ChildCare AIUITests" */;
			buildPhases = (
				849F04522F4C05D40058973D /* Sources */,
				849F04532F4C05D40058973D /* Frameworks */,
				849F04542F4C05D40058973D /* Resources */,
			);
			buildRules = (
			);
			dependencies = (
				849F04582F4C05D40058973D /* PBXTargetDependency */,
			);
			fileSystemSynchronizedGroups = (
				849F04592F4C05D40058973D /* ChildCare AIUITests */,
			);
			name = "ChildCare AIUITests";
			productName = "ChildCare AIUITests";
			productReference = 849F04562F4C05D40058973D /* ChildCare AIUITests.xctest */;
			productType = "com.apple.product-type.bundle.ui-testing";
		};
/* End PBXNativeTarget section */

/* Begin PBXProject section */
		849F04352F4C05D30058973D /* Project object */ = {
			isa = PBXProject;
			attributes = {
				BuildIndependentTargetsInParallel = 1;
				LastSwiftUpdateCheck = 2620;
				LastUpgradeCheck = 2620;
				TargetAttributes = {
					849F043C2F4C05D30058973D = {
						CreatedOnToolsVersion = 26.2;
					};
					849F044B2F4C05D40058973D = {
						CreatedOnToolsVersion = 26.2;
						TestTargetID = 849F043C2F4C05D30058973D;
					};
					849F04552F4C05D40058973D = {
						CreatedOnToolsVersion = 26.2;
						TestTargetID = 849F043C2F4C05D30058973D;
					};
				};
			};
			buildConfigurationList = 849F04382F4C05D30058973D /* Build configuration list for PBXProject "ChildCare AI" */;
			developmentRegion = en;
			hasScannedForEncodings = 0;
			knownRegions = (
				en,
				Base,
			);
			mainGroup = 849F04342F4C05D30058973D;
			minimizedProjectReferenceProxies = 1;
			preferredProjectObjectVersion = 77;
			productRefGroup = 849F043E2F4C05D30058973D /* Products */;
			projectDirPath = "";
			projectRoot = "";
			targets = (
				849F043C2F4C05D30058973D /* ChildCare AI */,
				849F044B2F4C05D40058973D /* ChildCare AITests */,
				849F04552F4C05D40058973D /* ChildCare AIUITests */,
			);
		};
/* End PBXProject section */

/* Begin PBXResourcesBuildPhase section */
		849F043B2F4C05D30058973D /* Resources */ = {
			isa = PBXResourcesBuildPhase;
			buildActionMask = 2147483647;
			files = (
			);
			runOnlyForDeploymentPostprocessing = 0;
		};
		849F044A2F4C05D40058973D /* Resources */ = {
			isa = PBXResourcesBuildPhase;
			buildActionMask = 2147483647;
			files = (
			);
			runOnlyForDeploymentPostprocessing = 0;
		};
		849F04542F4C05D40058973D /* Resources */ = {
			isa = PBXResourcesBuildPhase;
			buildActionMask = 2147483647;
			files = (
			);
			runOnlyForDeploymentPostprocessing = 0;
		};
/* End PBXResourcesBuildPhase section */

/* Begin PBXSourcesBuildPhase section */
		849F04392F4C05D30058973D /* Sources */ = {
			isa = PBXSourcesBuildPhase;
			buildActionMask = 2147483647;
			files = (
				01154FECC0CF087C7EF1461C /* AIConsentManager.swift in Sources */,
			);
			runOnlyForDeploymentPostprocessing = 0;
		};
		849F04482F4C05D40058973D /* Sources */ = {
			isa = PBXSourcesBuildPhase;
			buildActionMask = 2147483647;
			files = (
			);
			runOnlyForDeploymentPostprocessing = 0;
		};
		849F04522F4C05D40058973D /* Sources */ = {
			isa = PBXSourcesBuildPhase;
			buildActionMask = 2147483647;
			files = (
			);
			runOnlyForDeploymentPostprocessing = 0;
		};
/* End PBXSourcesBuildPhase section */

/* Begin PBXTargetDependency section */
		849F044E2F4C05D40058973D /* PBXTargetDependency */ = {
			isa = PBXTargetDependency;
			target = 849F043C2F4C05D30058973D /* ChildCare AI */;
			targetProxy = 849F044D2F4C05D40058973D /* PBXContainerItemProxy */;
		};
		849F04582F4C05D40058973D /* PBXTargetDependency */ = {
			isa = PBXTargetDependency;
			target = 849F043C2F4C05D30058973D /* ChildCare AI */;
			targetProxy = 849F04572F4C05D40058973D /* PBXContainerItemProxy */;
		};
/* End PBXTargetDependency section */

/* Begin XCBuildConfiguration section */
		849F045E2F4C05D40058973D /* Debug */ = {
			isa = XCBuildConfiguration;
			buildSettings = {
				ALWAYS_SEARCH_USER_PATHS = NO;
				ASSETCATALOG_COMPILER_GENERATE_SWIFT_ASSET_SYMBOL_EXTENSIONS = YES;
				CLANG_ANALYZER_NONNULL = YES;
				CLANG_ANALYZER_NUMBER_OBJECT_CONVERSION = YES_AGGRESSIVE;
				CLANG_CXX_LANGUAGE_STANDARD = "gnu++20";
				CLANG_ENABLE_MODULES = YES;
				CLANG_ENABLE_OBJC_ARC = YES;
				CLANG_ENABLE_OBJC_WEAK = YES;
				CLANG_WARN_BLOCK_CAPTURE_AUTORELEASING = YES;
				CLANG_WARN_BOOL_CONVERSION = YES;
				CLANG_WARN_COMMA = YES;
				CLANG_WARN_CONSTANT_CONVERSION = YES;
				CLANG_WARN_DEPRECATED_OBJC_IMPLEMENTATIONS = YES;
				CLANG_WARN_DIRECT_OBJC_ISA_USAGE = YES_ERROR;
				CLANG_WARN_DOCUMENTATION_COMMENTS = YES;
				CLANG_WARN_EMPTY_BODY = YES;
				CLANG_WARN_ENUM_CONVERSION = YES;
				CLANG_WARN_INFINITE_RECURSION = YES;
				CLANG_WARN_INT_CONVERSION = YES;
				CLANG_WARN_NON_LITERAL_NULL_CONVERSION = YES;
				CLANG_WARN_OBJC_IMPLICIT_RETAIN_SELF = YES;
				CLANG_WARN_OBJC_LITERAL_CONVERSION = YES;
				CLANG_WARN_OBJC_ROOT_CLASS = YES_ERROR;
				CLANG_WARN_QUOTED_INCLUDE_IN_FRAMEWORK_HEADER = YES;
				CLANG_WARN_RANGE_LOOP_ANALYSIS = YES;
				CLANG_WARN_STRICT_PROTOTYPES = YES;
				CLANG_WARN_SUSPICIOUS_MOVE = YES;
				CLANG_WARN_UNGUARDED_AVAILABILITY = YES_AGGRESSIVE;
				CLANG_WARN_UNREACHABLE_CODE = YES;
				CLANG_WARN__DUPLICATE_METHOD_MATCH = YES;
				COPY_PHASE_STRIP = NO;
				DEBUG_INFORMATION_FORMAT = dwarf;
				DEVELOPMENT_TEAM = 3A6793X68J;
				ENABLE_STRICT_OBJC_MSGSEND = YES;
				ENABLE_TESTABILITY = YES;
				ENABLE_USER_SCRIPT_SANDBOXING = YES;
				GCC_C_LANGUAGE_STANDARD = gnu17;
				GCC_DYNAMIC_NO_PIC = NO;
				GCC_NO_COMMON_BLOCKS = YES;
				GCC_OPTIMIZATION_LEVEL = 0;
				GCC_PREPROCESSOR_DEFINITIONS = (
					"DEBUG=1",
					"$(inherited)",
				);
				GCC_WARN_64_TO_32_BIT_CONVERSION = YES;
				GCC_WARN_ABOUT_RETURN_TYPE = YES_ERROR;
				GCC_WARN_UNDECLARED_SELECTOR = YES;
				GCC_WARN_UNINITIALIZED_AUTOS = YES_AGGRESSIVE;
				GCC_WARN_UNUSED_FUNCTION = YES;
				GCC_WARN_UNUSED_VARIABLE = YES;
				IPHONEOS_DEPLOYMENT_TARGET = 26.2;
				LOCALIZATION_PREFERS_STRING_CATALOGS = YES;
				MTL_ENABLE_DEBUG_INFO = INCLUDE_SOURCE;
				MTL_FAST_MATH = YES;
				ONLY_ACTIVE_ARCH = YES;
				SDKROOT = iphoneos;
				SWIFT_ACTIVE_COMPILATION_CONDITIONS = "DEBUG $(inherited)";
				SWIFT_OPTIMIZATION_LEVEL = "-Onone";
			};
			name = Debug;
		};
		849F045F2F4C05D40058973D /* Release */ = {
			isa = XCBuildConfiguration;
			buildSettings = {
				ALWAYS_SEARCH_USER_PATHS = NO;
				ASSETCATALOG_COMPILER_GENERATE_SWIFT_ASSET_SYMBOL_EXTENSIONS = YES;
				CLANG_ANALYZER_NONNULL = YES;
				CLANG_ANALYZER_NUMBER_OBJECT_CONVERSION = YES_AGGRESSIVE;
				CLANG_CXX_LANGUAGE_STANDARD = "gnu++20";
				CLANG_ENABLE_MODULES = YES;
				CLANG_ENABLE_OBJC_ARC = YES;
				CLANG_ENABLE_OBJC_WEAK = YES;
				CLANG_WARN_BLOCK_CAPTURE_AUTORELEASING = YES;
				CLANG_WARN_BOOL_CONVERSION = YES;
				CLANG_WARN_COMMA = YES;
				CLANG_WARN_CONSTANT_CONVERSION = YES;
				CLANG_WARN_DEPRECATED_OBJC_IMPLEMENTATIONS = YES;
				CLANG_WARN_DIRECT_OBJC_ISA_USAGE = YES_ERROR;
				CLANG_WARN_DOCUMENTATION_COMMENTS = YES;
				CLANG_WARN_EMPTY_BODY = YES;
				CLANG_WARN_ENUM_CONVERSION = YES;
				CLANG_WARN_INFINITE_RECURSION = YES;
				CLANG_WARN_INT_CONVERSION = YES;
				CLANG_WARN_NON_LITERAL_NULL_CONVERSION = YES;
				CLANG_WARN_OBJC_IMPLICIT_RETAIN_SELF = YES;
				CLANG_WARN_OBJC_LITERAL_CONVERSION = YES;
				CLANG_WARN_OBJC_ROOT_CLASS = YES_ERROR;
				CLANG_WARN_QUOTED_INCLUDE_IN_FRAMEWORK_HEADER = YES;
				CLANG_WARN_RANGE_LOOP_ANALYSIS = YES;
				CLANG_WARN_STRICT_PROTOTYPES = YES;
				CLANG_WARN_SUSPICIOUS_MOVE = YES;
				CLANG_WARN_UNGUARDED_AVAILABILITY = YES_AGGRESSIVE;
				CLANG_WARN_UNREACHABLE_CODE = YES;
				CLANG_WARN__DUPLICATE_METHOD_MATCH = YES;
				COPY_PHASE_STRIP = NO;
				DEBUG_INFORMATION_FORMAT = "dwarf-with-dsym";
				DEVELOPMENT_TEAM = 3A6793X68J;
				ENABLE_NS_ASSERTIONS = NO;
				ENABLE_STRICT_OBJC_MSGSEND = YES;
				ENABLE_USER_SCRIPT_SANDBOXING = YES;
				GCC_C_LANGUAGE_STANDARD = gnu17;
				GCC_NO_COMMON_BLOCKS = YES;
				GCC_WARN_64_TO_32_BIT_CONVERSION = YES;
				GCC_WARN_ABOUT_RETURN_TYPE = YES_ERROR;
				GCC_WARN_UNDECLARED_SELECTOR = YES;
				GCC_WARN_UNINITIALIZED_AUTOS = YES_AGGRESSIVE;
				GCC_WARN_UNUSED_FUNCTION = YES;
				GCC_WARN_UNUSED_VARIABLE = YES;
				IPHONEOS_DEPLOYMENT_TARGET = 26.2;
				LOCALIZATION_PREFERS_STRING_CATALOGS = YES;
				MTL_ENABLE_DEBUG_INFO = NO;
				MTL_FAST_MATH = YES;
				SDKROOT = iphoneos;
				SWIFT_COMPILATION_MODE = wholemodule;
				VALIDATE_PRODUCT = YES;
			};
			name = Release;
		};
		849F04612F4C05D40058973D /* Debug */ = {
			isa = XCBuildConfiguration;
			buildSettings = {
				ASSETCATALOG_COMPILER_APPICON_NAME = AppIcon;
				ASSETCATALOG_COMPILER_GLOBAL_ACCENT_COLOR_NAME = AccentColor;
				CODE_SIGN_STYLE = Automatic;
				CURRENT_PROJECT_VERSION = 2;
				DEVELOPMENT_TEAM = J93L8HVLVU;
				ENABLE_PREVIEWS = YES;
				GENERATE_INFOPLIST_FILE = YES;
				INFOPLIST_FILE = "ChildCare-AI-Info.plist";
				INFOPLIST_KEY_CFBundleDisplayName = "CHILD CARE AI";
				INFOPLIST_KEY_LSApplicationCategoryType = "public.app-category.education";
				INFOPLIST_KEY_NSAppTransportSecurity_NSAllowsArbitraryLoads = YES;
				INFOPLIST_KEY_NSCameraUsageDescription = "ChildCare AI uses your camera to capture photos for daily reports, incident logs, and child activity updates.";
				INFOPLIST_KEY_NSFaceIDUsageDescription = "ChildCare AI uses Face ID so you can sign in quickly and securely.";
				INFOPLIST_KEY_NSMicrophoneUsageDescription = "ChildCare AI uses the microphone when recording videos for daily activity reports.";
				INFOPLIST_KEY_NSPhotoLibraryAddUsageDescription = "ChildCare AI saves photos of your child's activities to your photo library if you choose to do so.";
				INFOPLIST_KEY_NSPhotoLibraryUsageDescription = "ChildCare AI needs access to your photo library to attach images to daily reports and incident logs.";
				INFOPLIST_KEY_UIApplicationSceneManifest_Generation = YES;
				INFOPLIST_KEY_UIApplicationSupportsIndirectInputEvents = YES;
				INFOPLIST_KEY_UILaunchScreen_Generation = YES;
				INFOPLIST_KEY_UISupportedInterfaceOrientations_iPad = "UIInterfaceOrientationPortrait UIInterfaceOrientationPortraitUpsideDown UIInterfaceOrientationLandscapeLeft UIInterfaceOrientationLandscapeRight";
				INFOPLIST_KEY_UISupportedInterfaceOrientations_iPhone = "UIInterfaceOrientationPortrait UIInterfaceOrientationLandscapeLeft UIInterfaceOrientationLandscapeRight";
				LD_RUNPATH_SEARCH_PATHS = (
					"$(inherited)",
					"@executable_path/Frameworks",
				);
				MARKETING_VERSION = 1.0;
				PRODUCT_BUNDLE_IDENTIFIER = com.saveetha.childcareai;
				PRODUCT_NAME = "$(TARGET_NAME)";
				STRING_CATALOG_GENERATE_SYMBOLS = YES;
				SUPPORTED_PLATFORMS = "iphoneos iphonesimulator";
				SUPPORTS_MACCATALYST = NO;
				SUPPORTS_MAC_DESIGNED_FOR_IPHONE_IPAD = NO;
				SUPPORTS_XR_DESIGNED_FOR_IPHONE_IPAD = NO;
				SWIFT_APPROACHABLE_CONCURRENCY = YES;
				SWIFT_DEFAULT_ACTOR_ISOLATION = MainActor;
				SWIFT_EMIT_LOC_STRINGS = YES;
				SWIFT_UPCOMING_FEATURE_MEMBER_IMPORT_VISIBILITY = YES;
				SWIFT_VERSION = 5.0;
				TARGETED_DEVICE_FAMILY = "1,2";
			};
			name = Debug;
		};
		849F04622F4C05D40058973D /* Release */ = {
			isa = XCBuildConfiguration;
			buildSettings = {
				ASSETCATALOG_COMPILER_APPICON_NAME = AppIcon;
				ASSETCATALOG_COMPILER_GLOBAL_ACCENT_COLOR_NAME = AccentColor;
				CODE_SIGN_STYLE = Automatic;
				CURRENT_PROJECT_VERSION = 2;
				DEVELOPMENT_TEAM = J93L8HVLVU;
				ENABLE_PREVIEWS = YES;
				GENERATE_INFOPLIST_FILE = YES;
				INFOPLIST_FILE = "ChildCare-AI-Info.plist";
				INFOPLIST_KEY_CFBundleDisplayName = "CHILD CARE AI";
				INFOPLIST_KEY_LSApplicationCategoryType = "public.app-category.education";
				INFOPLIST_KEY_NSAppTransportSecurity_NSAllowsArbitraryLoads = YES;
				INFOPLIST_KEY_NSCameraUsageDescription = "ChildCare AI uses your camera to capture photos for daily reports, incident logs, and child activity updates.";
				INFOPLIST_KEY_NSFaceIDUsageDescription = "ChildCare AI uses Face ID so you can sign in quickly and securely.";
				INFOPLIST_KEY_NSMicrophoneUsageDescription = "ChildCare AI uses the microphone when recording videos for daily activity reports.";
				INFOPLIST_KEY_NSPhotoLibraryAddUsageDescription = "ChildCare AI saves photos of your child's activities to your photo library if you choose to do so.";
				INFOPLIST_KEY_NSPhotoLibraryUsageDescription = "ChildCare AI needs access to your photo library to attach images to daily reports and incident logs.";
				INFOPLIST_KEY_UIApplicationSceneManifest_Generation = YES;
				INFOPLIST_KEY_UIApplicationSupportsIndirectInputEvents = YES;
				INFOPLIST_KEY_UILaunchScreen_Generation = YES;
				INFOPLIST_KEY_UISupportedInterfaceOrientations_iPad = "UIInterfaceOrientationPortrait UIInterfaceOrientationPortraitUpsideDown UIInterfaceOrientationLandscapeLeft UIInterfaceOrientationLandscapeRight";
				INFOPLIST_KEY_UISupportedInterfaceOrientations_iPhone = "UIInterfaceOrientationPortrait UIInterfaceOrientationLandscapeLeft UIInterfaceOrientationLandscapeRight";
				LD_RUNPATH_SEARCH_PATHS = (
					"$(inherited)",
					"@executable_path/Frameworks",
				);
				MARKETING_VERSION = 1.0;
				PRODUCT_BUNDLE_IDENTIFIER = com.saveetha.childcareai;
				PRODUCT_NAME = "$(TARGET_NAME)";
				STRING_CATALOG_GENERATE_SYMBOLS = YES;
				SUPPORTED_PLATFORMS = "iphoneos iphonesimulator";
				SUPPORTS_MACCATALYST = NO;
				SUPPORTS_MAC_DESIGNED_FOR_IPHONE_IPAD = NO;
				SUPPORTS_XR_DESIGNED_FOR_IPHONE_IPAD = NO;
				SWIFT_APPROACHABLE_CONCURRENCY = YES;
				SWIFT_DEFAULT_ACTOR_ISOLATION = MainActor;
				SWIFT_EMIT_LOC_STRINGS = YES;
				SWIFT_UPCOMING_FEATURE_MEMBER_IMPORT_VISIBILITY = YES;
				SWIFT_VERSION = 5.0;
				TARGETED_DEVICE_FAMILY = "1,2";
			};
			name = Release;
		};
		849F04642F4C05D40058973D /* Debug */ = {
			isa = XCBuildConfiguration;
			buildSettings = {
				BUNDLE_LOADER = "$(TEST_HOST)";
				CODE_SIGN_STYLE = Automatic;
				CURRENT_PROJECT_VERSION = 1;
				DEVELOPMENT_TEAM = 3A6793X68J;
				GENERATE_INFOPLIST_FILE = YES;
				INFOPLIST_KEY_NSAppTransportSecurity_NSAllowsArbitraryLoads = YES;
				IPHONEOS_DEPLOYMENT_TARGET = 26.2;
				MARKETING_VERSION = 1.0;
				PRODUCT_BUNDLE_IDENTIFIER = "com.jeevan.ChildCare-AITests";
				PRODUCT_NAME = "$(TARGET_NAME)";
				STRING_CATALOG_GENERATE_SYMBOLS = NO;
				SWIFT_APPROACHABLE_CONCURRENCY = YES;
				SWIFT_EMIT_LOC_STRINGS = NO;
				SWIFT_UPCOMING_FEATURE_MEMBER_IMPORT_VISIBILITY = YES;
				SWIFT_VERSION = 5.0;
				TARGETED_DEVICE_FAMILY = "1,2";
				TEST_HOST = "$(BUILT_PRODUCTS_DIR)/ChildCare AI.app/$(BUNDLE_EXECUTABLE_FOLDER_PATH)/ChildCare AI";
			};
			name = Debug;
		};
		849F04652F4C05D40058973D /* Release */ = {
			isa = XCBuildConfiguration;
			buildSettings = {
				BUNDLE_LOADER = "$(TEST_HOST)";
				CODE_SIGN_STYLE = Automatic;
				CURRENT_PROJECT_VERSION = 1;
				DEVELOPMENT_TEAM = 3A6793X68J;
				GENERATE_INFOPLIST_FILE = YES;
				INFOPLIST_KEY_NSAppTransportSecurity_NSAllowsArbitraryLoads = YES;
				IPHONEOS_DEPLOYMENT_TARGET = 26.2;
				MARKETING_VERSION = 1.0;
				PRODUCT_BUNDLE_IDENTIFIER = "com.jeevan.ChildCare-AITests";
				PRODUCT_NAME = "$(TARGET_NAME)";
				STRING_CATALOG_GENERATE_SYMBOLS = NO;
				SWIFT_APPROACHABLE_CONCURRENCY = YES;
				SWIFT_EMIT_LOC_STRINGS = NO;
				SWIFT_UPCOMING_FEATURE_MEMBER_IMPORT_VISIBILITY = YES;
				SWIFT_VERSION = 5.0;
				TARGETED_DEVICE_FAMILY = "1,2";
				TEST_HOST = "$(BUILT_PRODUCTS_DIR)/ChildCare AI.app/$(BUNDLE_EXECUTABLE_FOLDER_PATH)/ChildCare AI";
			};
			name = Release;
		};
		849F04672F4C05D40058973D /* Debug */ = {
			isa = XCBuildConfiguration;
			buildSettings = {
				CODE_SIGN_STYLE = Automatic;
				CURRENT_PROJECT_VERSION = 1;
				DEVELOPMENT_TEAM = 3A6793X68J;
				GENERATE_INFOPLIST_FILE = YES;
				INFOPLIST_KEY_NSAppTransportSecurity_NSAllowsArbitraryLoads = YES;
				MARKETING_VERSION = 1.0;
				PRODUCT_BUNDLE_IDENTIFIER = "com.jeevan.ChildCare-AIUITests";
				PRODUCT_NAME = "$(TARGET_NAME)";
				STRING_CATALOG_GENERATE_SYMBOLS = NO;
				SWIFT_APPROACHABLE_CONCURRENCY = YES;
				SWIFT_EMIT_LOC_STRINGS = NO;
				SWIFT_UPCOMING_FEATURE_MEMBER_IMPORT_VISIBILITY = YES;
				SWIFT_VERSION = 5.0;
				TARGETED_DEVICE_FAMILY = "1,2";
				TEST_TARGET_NAME = "ChildCare AI";
			};
			name = Debug;
		};
		849F04682F4C05D40058973D /* Release */ = {
			isa = XCBuildConfiguration;
			buildSettings = {
				CODE_SIGN_STYLE = Automatic;
				CURRENT_PROJECT_VERSION = 1;
				DEVELOPMENT_TEAM = 3A6793X68J;
				GENERATE_INFOPLIST_FILE = YES;
				INFOPLIST_KEY_NSAppTransportSecurity_NSAllowsArbitraryLoads = YES;
				MARKETING_VERSION = 1.0;
				PRODUCT_BUNDLE_IDENTIFIER = "com.jeevan.ChildCare-AIUITests";
				PRODUCT_NAME = "$(TARGET_NAME)";
				STRING_CATALOG_GENERATE_SYMBOLS = NO;
				SWIFT_APPROACHABLE_CONCURRENCY = YES;
				SWIFT_EMIT_LOC_STRINGS = NO;
				SWIFT_UPCOMING_FEATURE_MEMBER_IMPORT_VISIBILITY = YES;
				SWIFT_VERSION = 5.0;
				TARGETED_DEVICE_FAMILY = "1,2";
				TEST_TARGET_NAME = "ChildCare AI";
			};
			name = Release;
		};
/* End XCBuildConfiguration section */

/* Begin XCConfigurationList section */
		849F04382F4C05D30058973D /* Build configuration list for PBXProject "ChildCare AI" */ = {
			isa = XCConfigurationList;
			buildConfigurations = (
				849F045E2F4C05D40058973D /* Debug */,
				849F045F2F4C05D40058973D /* Release */,
			);
			defaultConfigurationIsVisible = 0;
			defaultConfigurationName = Release;
		};
		849F04602F4C05D40058973D /* Build configuration list for PBXNativeTarget "ChildCare AI" */ = {
			isa = XCConfigurationList;
			buildConfigurations = (
				849F04612F4C05D40058973D /* Debug */,
				849F04622F4C05D40058973D /* Release */,
			);
			defaultConfigurationIsVisible = 0;
			defaultConfigurationName = Release;
		};
		849F04632F4C05D40058973D /* Build configuration list for PBXNativeTarget "ChildCare AITests" */ = {
			isa = XCConfigurationList;
			buildConfigurations = (
				849F04642F4C05D40058973D /* Debug */,
				849F04652F4C05D40058973D /* Release */,
			);
			defaultConfigurationIsVisible = 0;
			defaultConfigurationName = Release;
		};
		849F04662F4C05D40058973D /* Build configuration list for PBXNativeTarget "ChildCare AIUITests" */ = {
			isa = XCConfigurationList;
			buildConfigurations = (
				849F04672F4C05D40058973D /* Debug */,
				849F04682F4C05D40058973D /* Release */,
			);
			defaultConfigurationIsVisible = 0;
			defaultConfigurationName = Release;
		};
/* End XCConfigurationList section */
	};
	rootObject = 849F04352F4C05D30058973D /* Project object */;
}
